// !$*UTF8*$!
{
	archiveVersion = 1;
	classes = {
	};
	objectVersion = 77;
	objects = {

/* Begin PBXBuildFile section */
		B389CE0A2DE3947D0033B818 /* libsqlite3.tbd in Frameworks */ = {isa = PBXBuildFile; fileRef = B389CE092DE3947D0033B818 /* libsqlite3.tbd */; };
		B389CE372DE39B780033B818 /* SQLite in Frameworks */ = {isa = PBXBuildFile; productRef = B389CE362DE39B780033B818 /* SQLite */; };
/* End PBXBuildFile section */

/* Begin PBXContainerItemProxy section */
		B35E9A1C2DE341FD002E0849 /* PBXContainerItemProxy */ = {
			isa = PBXContainerItemProxy;
			containerPortal = B35E99FA2DE341FB002E0849 /* Project object */;
			proxyType = 1;
			remoteGlobalIDString = B35E9A012DE341FB002E0849;
			remoteInfo = Bank;
		};
		B35E9A262DE341FD002E0849 /* PBXContainerItemProxy */ = {
			isa = PBXContainerItemProxy;
			containerPortal = B35E99FA2DE341FB002E0849 /* Project object */;
			proxyType = 1;
			remoteGlobalIDString = B35E9A012DE341FB002E0849;
			remoteInfo = Bank;
		};
/* End PBXContainerItemProxy section */

/* Begin PBXFileReference section */
		B389CDDA2DE38C330033B818 /* Bank.app */ = {isa = PBXFileReference; explicitFileType = wrapper.application; includeInIndex = 0; path = Bank.app; sourceTree = BUILT_PRODUCTS_DIR; };
		B389CDDB2DE38C330033B818 /* BankTests.xctest */ = {isa = PBXFileReference; explicitFileType = wrapper.cfbundle; includeInIndex = 0; path = BankTests.xctest; sourceTree = BUILT_PRODUCTS_DIR; };
		B389CDDC2DE38C330033B818 /* BankUITests.xctest */ = {isa = PBXFileReference; explicitFileType = wrapper.cfbundle; includeInIndex = 0; path = BankUITests.xctest; sourceTree = BUILT_PRODUCTS_DIR; };
		B389CE092DE3947D0033B818 /* libsqlite3.tbd */ = {isa = PBXFileReference; lastKnownFileType = "sourcecode.text-based-dylib-definition"; name = libsqlite3.tbd; path = usr/lib/libsqlite3.tbd; sourceTree = SDKROOT; };
/* End PBXFileReference section */

/* Begin PBXFileSystemSynchronizedBuildFileExceptionSet section */
		B35E9A2D2DE341FD002E0849 /* Exceptions for "Bank" folder in "Bank" target */ = {
			isa = PBXFileSystemSynchronizedBuildFileExceptionSet;
			membershipExceptions = (
				"/Localized: Main.storyboard",
				Info.plist,
			);
			target = B35E9A012DE341FB002E0849 /* Bank */;
		};
/* End PBXFileSystemSynchronizedBuildFileExceptionSet section */

/* Begin PBXFileSystemSynchronizedRootGroup section */
		B35E9A042DE341FB002E0849 /* Bank */ = {
			isa = PBXFileSystemSynchronizedRootGroup;
			exceptions = (
				B35E9A2D2DE341FD002E0849 /* Exceptions for "Bank" folder in "Bank" target */,
			);
			path = Bank;
			sourceTree = "<group>";
		};
		B35E9A1E2DE341FD002E0849 /* BankTests */ = {
			isa = PBXFileSystemSynchronizedRootGroup;
			path = BankTests;
			sourceTree = "<group>";
		};
		B35E9A282DE341FD002E0849 /* BankUITests */ = {
			isa = PBXFileSystemSynchronizedRootGroup;
			path = BankUITests;
			sourceTree = "<group>";
		};
/* End PBXFileSystemSynchronizedRootGroup section */

/* Begin PBXFrameworksBuildPhase section */
		B35E99FF2DE341FB002E0849 /* Frameworks */ = {
			isa = PBXFrameworksBuildPhase;
			buildActionMask = 2147483647;
			files = (
				B389CE372DE39B780033B818 /* SQLite in Frameworks */,
				B389CE0A2DE3947D0033B818 /* libsqlite3.tbd in Frameworks */,
			);
			runOnlyForDeploymentPostprocessing = 0;
		};
		B35E9A182DE341FC002E0849 /* Frameworks */ = {
			isa = PBXFrameworksBuildPhase;
			buildActionMask = 2147483647;
			files = (
			);
			runOnlyForDeploymentPostprocessing = 0;
		};
		B35E9A222DE341FD002E0849 /* Frameworks */ = {
			isa = PBXFrameworksBuildPhase;
			buildActionMask = 2147483647;
			files = (
			);
			runOnlyForDeploymentPostprocessing = 0;
		};
/* End PBXFrameworksBuildPhase section */

/* Begin PBXGroup section */
		B35E99F92DE341FB002E0849 = {
			isa = PBXGroup;
			children = (
				B35E9A042DE341FB002E0849 /* Bank */,
				B35E9A1E2DE341FD002E0849 /* BankTests */,
				B35E9A282DE341FD002E0849 /* BankUITests */,
				B389CDDA2DE38C330033B818 /* Bank.app */,
				B389CDDB2DE38C330033B818 /* BankTests.xctest */,
				B389CDDC2DE38C330033B818 /* BankUITests.xctest */,
				B389CE082DE3947D0033B818 /* Frameworks */,
			);
			sourceTree = "<group>";
		};
		B389CE082DE3947D0033B818 /* Frameworks */ = {
			isa = PBXGroup;
			children = (
				B389CE092DE3947D0033B818 /* libsqlite3.tbd */,
			);
			name = Frameworks;
			sourceTree = "<group>";
		};
/* End PBXGroup section */

/* Begin PBXNativeTarget section */
		B35E9A012DE341FB002E0849 /* Bank */ = {
			isa = PBXNativeTarget;
			buildConfigurationList = B35E9A2E2DE341FD002E0849 /* Build configuration list for PBXNativeTarget "Bank" */;
			buildPhases = (
				B35E99FE2DE341FB002E0849 /* Sources */,
				B35E99FF2DE341FB002E0849 /* Frameworks */,
				B35E9A002DE341FB002E0849 /* Resources */,
			);
			buildRules = (
			);
			dependencies = (
			);
			fileSystemSynchronizedGroups = (
				B35E9A042DE341FB002E0849 /* Bank */,
			);
			name = Bank;
			packageProductDependencies = (
				B389CE362DE39B780033B818 /* SQLite */,
			);
			productName = Bank;
			productReference = B389CDDA2DE38C330033B818 /* Bank.app */;
			productType = "com.apple.product-type.application";
		};
		B35E9A1A2DE341FC002E0849 /* BankTests */ = {
			isa = PBXNativeTarget;
			buildConfigurationList = B35E9A332DE341FD002E0849 /* Build configuration list for PBXNativeTarget "BankTests" */;
			buildPhases = (
				B35E9A172DE341FC002E0849 /* Sources */,
				B35E9A182DE341FC002E0849 /* Frameworks */,
				B35E9A192DE341FC002E0849 /* Resources */,
			);
			buildRules = (
			);
			dependencies = (
				B35E9A1D2DE341FD002E0849 /* PBXTargetDependency */,
			);
			fileSystemSynchronizedGroups = (
				B35E9A1E2DE341FD002E0849 /* BankTests */,
			);
			name = BankTests;
			packageProductDependencies = (
			);
			productName = BankTests;
			productReference = B389CDDB2DE38C330033B818 /* BankTests.xctest */;
			productType = "com.apple.product-type.bundle.unit-test";
		};
		B35E9A242DE341FD002E0849 /* BankUITests */ = {
			isa = PBXNativeTarget;
			buildConfigurationList = B35E9A362DE341FD002E0849 /* Build configuration list for PBXNativeTarget "BankUITests" */;
			buildPhases = (
				B35E9A212DE341FD002E0849 /* Sources */,
				B35E9A222DE341FD002E0849 /* Frameworks */,
				B35E9A232DE341FD002E0849 /* Resources */,
			);
			buildRules = (
			);
			dependencies = (
				B35E9A272DE341FD002E0849 /* PBXTargetDependency */,
			);
			fileSystemSynchronizedGroups = (
				B35E9A282DE341FD002E0849 /* BankUITests */,
			);
			name = BankUITests;
			packageProductDependencies = (
			);
			productName = BankUITests;
			productReference = B389CDDC2DE38C330033B818 /* BankUITests.xctest */;
			productType = "com.apple.product-type.bundle.ui-testing";
		};
/* End PBXNativeTarget section */

/* Begin PBXProject section */
		B35E99FA2DE341FB002E0849 /* Project object */ = {
			isa = PBXProject;
			attributes = {
				BuildIndependentTargetsInParallel = 1;
				LastSwiftUpdateCheck = 1630;
				LastUpgradeCheck = 1630;
				TargetAttributes = {
					B35E9A012DE341FB002E0849 = {
						CreatedOnToolsVersion = 16.3;
					};
					B35E9A1A2DE341FC002E0849 = {
						CreatedOnToolsVersion = 16.3;
						TestTargetID = B35E9A012DE341FB002E0849;
					};
					B35E9A242DE341FD002E0849 = {
						CreatedOnToolsVersion = 16.3;
						TestTargetID = B35E9A012DE341FB002E0849;
					};
				};
			};
			buildConfigurationList = B35E99FD2DE341FB002E0849 /* Build configuration list for PBXProject "Bank" */;
			developmentRegion = en;
			hasScannedForEncodings = 0;
			knownRegions = (
				en,
				Base,
			);
			mainGroup = B35E99F92DE341FB002E0849;
			minimizedProjectReferenceProxies = 1;
			packageReferences = (
				B3787A612DE386F2007AF432 /* XCRemoteSwiftPackageReference "SQLite" */,
			);
			preferredProjectObjectVersion = 77;
			productRefGroup = B35E99F92DE341FB002E0849;
			projectDirPath = "";
			projectRoot = "";
			targets = (
				B35E9A012DE341FB002E0849 /* Bank */,
				B35E9A1A2DE341FC002E0849 /* BankTests */,
				B35E9A242DE341FD002E0849 /* BankUITests */,
			);
		};
/* End PBXProject section */

/* Begin PBXResourcesBuildPhase section */
		B35E9A002DE341FB002E0849 /* Resources */ = {
			isa = PBXResourcesBuildPhase;
			buildActionMask = 2147483647;
			files = (
			);
			runOnlyForDeploymentPostprocessing = 0;
		};
		B35E9A192DE341FC002E0849 /* Resources */ = {
			isa = PBXResourcesBuildPhase;
			buildActionMask = 2147483647;
			files = (
			);
			runOnlyForDeploymentPostprocessing = 0;
		};
		B35E9A232DE341FD002E0849 /* Resources */ = {
			isa = PBXResourcesBuildPhase;
			buildActionMask = 2147483647;
			files = (
			);
			runOnlyForDeploymentPostprocessing = 0;
		};
/* End PBXResourcesBuildPhase section */

/* Begin PBXSourcesBuildPhase section */
		B35E99FE2DE341FB002E0849 /* Sources */ = {
			isa = PBXSourcesBuildPhase;
			buildActionMask = 2147483647;
			files = (
			);
			runOnlyForDeploymentPostprocessing = 0;
		};
		B35E9A172DE341FC002E0849 /* Sources */ = {
			isa = PBXSourcesBuildPhase;
			buildActionMask = 2147483647;
			files = (
			);
			runOnlyForDeploymentPostprocessing = 0;
		};
		B35E9A212DE341FD002E0849 /* Sources */ = {
			isa = PBXSourcesBuildPhase;
			buildActionMask = 2147483647;
			files = (
			);
			runOnlyForDeploymentPostprocessing = 0;
		};
/* End PBXSourcesBuildPhase section */

/* Begin PBXTargetDependency section */
		B35E9A1D2DE341FD002E0849 /* PBXTargetDependency */ = {
			isa = PBXTargetDependency;
			target = B35E9A012DE341FB002E0849 /* Bank */;
			targetProxy = B35E9A1C2DE341FD002E0849 /* PBXContainerItemProxy */;
		};
		B35E9A272DE341FD002E0849 /* PBXTargetDependency */ = {
			isa = PBXTargetDependency;
			target = B35E9A012DE341FB002E0849 /* Bank */;
			targetProxy = B35E9A262DE341FD002E0849 /* PBXContainerItemProxy */;
		};
/* End PBXTargetDependency section */

/* Begin XCBuildConfiguration section */
		B35E9A2F2DE341FD002E0849 /* Debug */ = {
			isa = XCBuildConfiguration;
			buildSettings = {
				ASSETCATALOG_COMPILER_APPICON_NAME = AppIcon;
				ASSETCATALOG_COMPILER_GLOBAL_ACCENT_COLOR_NAME = AccentColor;
				CODE_SIGN_STYLE = Automatic;
				CURRENT_PROJECT_VERSION = 1;
				DEVELOPMENT_TEAM = 45BXFZCH4D;
				GENERATE_INFOPLIST_FILE = YES;
				INFOPLIST_FILE = Bank/Info.plist;
				INFOPLIST_KEY_UIApplicationSupportsIndirectInputEvents = YES;
				INFOPLIST_KEY_UILaunchStoryboardName = LaunchScreen;
				INFOPLIST_KEY_UIMainStoryboardFile = "";
				INFOPLIST_KEY_UISupportedInterfaceOrientations_iPad = "UIInterfaceOrientationPortrait UIInterfaceOrientationPortraitUpsideDown UIInterfaceOrientationLandscapeLeft UIInterfaceOrientationLandscapeRight";
				INFOPLIST_KEY_UISupportedInterfaceOrientations_iPhone = "UIInterfaceOrientationPortrait UIInterfaceOrientationLandscapeLeft UIInterfaceOrientationLandscapeRight";
				LD_RUNPATH_SEARCH_PATHS = (
					"$(inherited)",
					"@executable_path/Frameworks",
				);
				MARKETING_VERSION = 1.0;
				PRODUCT_BUNDLE_IDENTIFIER = dev.hontarau.Bank;
				PRODUCT_NAME = "$(TARGET_NAME)";
				SWIFT_EMIT_LOC_STRINGS = YES;
				SWIFT_VERSION = 5.0;
				TARGETED_DEVICE_FAMILY = "1,2";
			};
			name = Debug;
		};
		B35E9A302DE341FD002E0849 /* Release */ = {
			isa = XCBuildConfiguration;
			buildSettings = {
				ASSETCATALOG_COMPILER_APPICON_NAME = AppIcon;
				ASSETCATALOG_COMPILER_GLOBAL_ACCENT_COLOR_NAME = AccentColor;
				CODE_SIGN_STYLE = Automatic;
				CURRENT_PROJECT_VERSION = 1;
				DEVELOPMENT_TEAM = 45BXFZCH4D;
				GENERATE_INFOPLIST_FILE = YES;
				INFOPLIST_FILE = Bank/Info.plist;
				INFOPLIST_KEY_UIApplicationSupportsIndirectInputEvents = YES;
				INFOPLIST_KEY_UILaunchStoryboardName = LaunchScreen;
				INFOPLIST_KEY_UIMainStoryboardFile = "";
				INFOPLIST_KEY_UISupportedInterfaceOrientations_iPad = "UIInterfaceOrientationPortrait UIInterfaceOrientationPortraitUpsideDown UIInterfaceOrientationLandscapeLeft UIInterfaceOrientationLandscapeRight";
				INFOPLIST_KEY_UISupportedInterfaceOrientations_iPhone = "UIInterfaceOrientationPortrait UIInterfaceOrientationLandscapeLeft UIInterfaceOrientationLandscapeRight";
				LD_RUNPATH_SEARCH_PATHS = (
					"$(inherited)",
					"@executable_path/Frameworks",
				);
				MARKETING_VERSION = 1.0;
				PRODUCT_BUNDLE_IDENTIFIER = dev.hontarau.Bank;
				PRODUCT_NAME = "$(TARGET_NAME)";
				SWIFT_EMIT_LOC_STRINGS = YES;
				SWIFT_VERSION = 5.0;
				TARGETED_DEVICE_FAMILY = "1,2";
			};
			name = Release;
		};
		B35E9A312DE341FD002E0849 /* Debug */ = {
			isa = XCBuildConfiguration;
			buildSettings = {
				ALWAYS_SEARCH_USER_PATHS = NO;
				ASSETCATALOG_COMPILER_GENERATE_SWIFT_ASSET_SYMBOL_EXTENSIONS = YES;
				CLANG_ANALYZER_NONNULL = YES;
				CLANG_ANALYZER_NUMBER_OBJECT_CONVERSION = YES_AGGRESSIVE;
				CLANG_CXX_LANGUAGE_STANDARD = "gnu++20";
				CLANG_ENABLE_MODULES = YES;
				CLANG_ENABLE_OBJC_ARC = YES;
				CLANG_ENABLE_OBJC_WEAK = YES;
				CLANG_WARN_BLOCK_CAPTURE_AUTORELEASING = YES;
				CLANG_WARN_BOOL_CONVERSION = YES;
				CLANG_WARN_COMMA = YES;
				CLANG_WARN_CONSTANT_CONVERSION = YES;
				CLANG_WARN_DEPRECATED_OBJC_IMPLEMENTATIONS = YES;
				CLANG_WARN_DIRECT_OBJC_ISA_USAGE = YES_ERROR;
				CLANG_WARN_DOCUMENTATION_COMMENTS = YES;
				CLANG_WARN_EMPTY_BODY = YES;
				CLANG_WARN_ENUM_CONVERSION = YES;
				CLANG_WARN_INFINITE_RECURSION = YES;
				CLANG_WARN_INT_CONVERSION = YES;
				CLANG_WARN_NON_LITERAL_NULL_CONVERSION = YES;
				CLANG_WARN_OBJC_IMPLICIT_RETAIN_SELF = YES;
				CLANG_WARN_OBJC_LITERAL_CONVERSION = YES;
				CLANG_WARN_OBJC_ROOT_CLASS = YES_ERROR;
				CLANG_WARN_QUOTED_INCLUDE_IN_FRAMEWORK_HEADER = YES;
				CLANG_WARN_RANGE_LOOP_ANALYSIS = YES;
				CLANG_WARN_STRICT_PROTOTYPES = YES;
				CLANG_WARN_SUSPICIOUS_MOVE = YES;
				CLANG_WARN_UNGUARDED_AVAILABILITY = YES_AGGRESSIVE;
				CLANG_WARN_UNREACHABLE_CODE = YES;
				CLANG_WARN__DUPLICATE_METHOD_MATCH = YES;
				COPY_PHASE_STRIP = NO;
				DEBUG_INFORMATION_FORMAT = dwarf;
				DEVELOPMENT_TEAM = 45BXFZCH4D;
				ENABLE_STRICT_OBJC_MSGSEND = YES;
				ENABLE_TESTABILITY = YES;
				ENABLE_USER_SCRIPT_SANDBOXING = YES;
				GCC_C_LANGUAGE_STANDARD = gnu17;
				GCC_DYNAMIC_NO_PIC = NO;
				GCC_NO_COMMON_BLOCKS = YES;
				GCC_OPTIMIZATION_LEVEL = 0;
				GCC_PREPROCESSOR_DEFINITIONS = (
					"DEBUG=1",
					"$(inherited)",
				);
				GCC_WARN_64_TO_32_BIT_CONVERSION = YES;
				GCC_WARN_ABOUT_RETURN_TYPE = YES_ERROR;
				GCC_WARN_UNDECLARED_SELECTOR = YES;
				GCC_WARN_UNINITIALIZED_AUTOS = YES_AGGRESSIVE;
				GCC_WARN_UNUSED_FUNCTION = YES;
				GCC_WARN_UNUSED_VARIABLE = YES;
				IPHONEOS_DEPLOYMENT_TARGET = 18.4;
				LOCALIZATION_PREFERS_STRING_CATALOGS = YES;
				MTL_ENABLE_DEBUG_INFO = INCLUDE_SOURCE;
				MTL_FAST_MATH = YES;
				ONLY_ACTIVE_ARCH = YES;
				SDKROOT = iphoneos;
				SWIFT_ACTIVE_COMPILATION_CONDITIONS = "DEBUG $(inherited)";
				SWIFT_OPTIMIZATION_LEVEL = "-Onone";
			};
			name = Debug;
		};
		B35E9A322DE341FD002E0849 /* Release */ = {
			isa = XCBuildConfiguration;
			buildSettings = {
				ALWAYS_SEARCH_USER_PATHS = NO;
				ASSETCATALOG_COMPILER_GENERATE_SWIFT_ASSET_SYMBOL_EXTENSIONS = YES;
				CLANG_ANALYZER_NONNULL = YES;
				CLANG_ANALYZER_NUMBER_OBJECT_CONVERSION = YES_AGGRESSIVE;
				CLANG_CXX_LANGUAGE_STANDARD = "gnu++20";
				CLANG_ENABLE_MODULES = YES;
				CLANG_ENABLE_OBJC_ARC = YES;
				CLANG_ENABLE_OBJC_WEAK = YES;
				CLANG_WARN_BLOCK_CAPTURE_AUTORELEASING = YES;
				CLANG_WARN_BOOL_CONVERSION = YES;
				CLANG_WARN_COMMA = YES;
				CLANG_WARN_CONSTANT_CONVERSION = YES;
				CLANG_WARN_DEPRECATED_OBJC_IMPLEMENTATIONS = YES;
				CLANG_WARN_DIRECT_OBJC_ISA_USAGE = YES_ERROR;
				CLANG_WARN_DOCUMENTATION_COMMENTS = YES;
				CLANG_WARN_EMPTY_BODY = YES;
				CLANG_WARN_ENUM_CONVERSION = YES;
				CLANG_WARN_INFINITE_RECURSION = YES;
				CLANG_WARN_INT_CONVERSION = YES;
				CLANG_WARN_NON_LITERAL_NULL_CONVERSION = YES;
				CLANG_WARN_OBJC_IMPLICIT_RETAIN_SELF = YES;
				CLANG_WARN_OBJC_LITERAL_CONVERSION = YES;
				CLANG_WARN_OBJC_ROOT_CLASS = YES_ERROR;
				CLANG_WARN_QUOTED_INCLUDE_IN_FRAMEWORK_HEADER = YES;
				CLANG_WARN_RANGE_LOOP_ANALYSIS = YES;
				CLANG_WARN_STRICT_PROTOTYPES = YES;
				CLANG_WARN_SUSPICIOUS_MOVE = YES;
				CLANG_WARN_UNGUARDED_AVAILABILITY = YES_AGGRESSIVE;
				CLANG_WARN_UNREACHABLE_CODE = YES;
				CLANG_WARN__DUPLICATE_METHOD_MATCH = YES;
				COPY_PHASE_STRIP = NO;
				DEBUG_INFORMATION_FORMAT = "dwarf-with-dsym";
				DEVELOPMENT_TEAM = 45BXFZCH4D;
				ENABLE_NS_ASSERTIONS = NO;
				ENABLE_STRICT_OBJC_MSGSEND = YES;
				ENABLE_USER_SCRIPT_SANDBOXING = YES;
				GCC_C_LANGUAGE_STANDARD = gnu17;
				GCC_NO_COMMON_BLOCKS = YES;
				GCC_WARN_64_TO_32_BIT_CONVERSION = YES;
				GCC_WARN_ABOUT_RETURN_TYPE = YES_ERROR;
				GCC_WARN_UNDECLARED_SELECTOR = YES;
				GCC_WARN_UNINITIALIZED_AUTOS = YES_AGGRESSIVE;
				GCC_WARN_UNUSED_FUNCTION = YES;
				GCC_WARN_UNUSED_VARIABLE = YES;
				IPHONEOS_DEPLOYMENT_TARGET = 18.4;
				LOCALIZATION_PREFERS_STRING_CATALOGS = YES;
				MTL_ENABLE_DEBUG_INFO = NO;
				MTL_FAST_MATH = YES;
				SDKROOT = iphoneos;
				SWIFT_COMPILATION_MODE = wholemodule;
				VALIDATE_PRODUCT = YES;
			};
			name = Release;
		};
		B35E9A342DE341FD002E0849 /* Debug */ = {
			isa = XCBuildConfiguration;
			buildSettings = {
				BUNDLE_LOADER = "$(TEST_HOST)";
				CODE_SIGN_STYLE = Automatic;
				CURRENT_PROJECT_VERSION = 1;
				DEVELOPMENT_TEAM = 45BXFZCH4D;
				GENERATE_INFOPLIST_FILE = YES;
				IPHONEOS_DEPLOYMENT_TARGET = 18.4;
				MARKETING_VERSION = 1.0;
				PRODUCT_BUNDLE_IDENTIFIER = dev.hontarau.BankTests;
				PRODUCT_NAME = "$(TARGET_NAME)";
				SWIFT_EMIT_LOC_STRINGS = NO;
				SWIFT_VERSION = 5.0;
				TARGETED_DEVICE_FAMILY = "1,2";
				TEST_HOST = "$(BUILT_PRODUCTS_DIR)/Bank.app/$(BUNDLE_EXECUTABLE_FOLDER_PATH)/Bank";
			};
			name = Debug;
		};
		B35E9A352DE341FD002E0849 /* Release */ = {
			isa = XCBuildConfiguration;
			buildSettings = {
				BUNDLE_LOADER = "$(TEST_HOST)";
				CODE_SIGN_STYLE = Automatic;
				CURRENT_PROJECT_VERSION = 1;
				DEVELOPMENT_TEAM = 45BXFZCH4D;
				GENERATE_INFOPLIST_FILE = YES;
				IPHONEOS_DEPLOYMENT_TARGET = 18.4;
				MARKETING_VERSION = 1.0;
				PRODUCT_BUNDLE_IDENTIFIER = dev.hontarau.BankTests;
				PRODUCT_NAME = "$(TARGET_NAME)";
				SWIFT_EMIT_LOC_STRINGS = NO;
				SWIFT_VERSION = 5.0;
				TARGETED_DEVICE_FAMILY = "1,2";
				TEST_HOST = "$(BUILT_PRODUCTS_DIR)/Bank.app/$(BUNDLE_EXECUTABLE_FOLDER_PATH)/Bank";
			};
			name = Release;
		};
		B35E9A372DE341FD002E0849 /* Debug */ = {
			isa = XCBuildConfiguration;
			buildSettings = {
				CODE_SIGN_STYLE = Automatic;
				CURRENT_PROJECT_VERSION = 1;
				DEVELOPMENT_TEAM = 45BXFZCH4D;
				GENERATE_INFOPLIST_FILE = YES;
				MARKETING_VERSION = 1.0;
				PRODUCT_BUNDLE_IDENTIFIER = dev.hontarau.BankUITests;
				PRODUCT_NAME = "$(TARGET_NAME)";
				SWIFT_EMIT_LOC_STRINGS = NO;
				SWIFT_VERSION = 5.0;
				TARGETED_DEVICE_FAMILY = "1,2";
				TEST_TARGET_NAME = Bank;
			};
			name = Debug;
		};
		B35E9A382DE341FD002E0849 /* Release */ = {
			isa = XCBuildConfiguration;
			buildSettings = {
				CODE_SIGN_STYLE = Automatic;
				CURRENT_PROJECT_VERSION = 1;
				DEVELOPMENT_TEAM = 45BXFZCH4D;
				GENERATE_INFOPLIST_FILE = YES;
				MARKETING_VERSION = 1.0;
				PRODUCT_BUNDLE_IDENTIFIER = dev.hontarau.BankUITests;
				PRODUCT_NAME = "$(TARGET_NAME)";
				SWIFT_EMIT_LOC_STRINGS = NO;
				SWIFT_VERSION = 5.0;
				TARGETED_DEVICE_FAMILY = "1,2";
				TEST_TARGET_NAME = Bank;
			};
			name = Release;
		};
/* End XCBuildConfiguration section */

/* Begin XCConfigurationList section */
		B35E99FD2DE341FB002E0849 /* Build configuration list for PBXProject "Bank" */ = {
			isa = XCConfigurationList;
			buildConfigurations = (
				B35E9A312DE341FD002E0849 /* Debug */,
				B35E9A322DE341FD002E0849 /* Release */,
			);
			defaultConfigurationIsVisible = 0;
			defaultConfigurationName = Release;
		};
		B35E9A2E2DE341FD002E0849 /* Build configuration list for PBXNativeTarget "Bank" */ = {
			isa = XCConfigurationList;
			buildConfigurations = (
				B35E9A2F2DE341FD002E0849 /* Debug */,
				B35E9A302DE341FD002E0849 /* Release */,
			);
			defaultConfigurationIsVisible = 0;
			defaultConfigurationName = Release;
		};
		B35E9A332DE341FD002E0849 /* Build configuration list for PBXNativeTarget "BankTests" */ = {
			isa = XCConfigurationList;
			buildConfigurations = (
				B35E9A342DE341FD002E0849 /* Debug */,
				B35E9A352DE341FD002E0849 /* Release */,
			);
			defaultConfigurationIsVisible = 0;
			defaultConfigurationName = Release;
		};
		B35E9A362DE341FD002E0849 /* Build configuration list for PBXNativeTarget "BankUITests" */ = {
			isa = XCConfigurationList;
			buildConfigurations = (
				B35E9A372DE341FD002E0849 /* Debug */,
				B35E9A382DE341FD002E0849 /* Release */,
			);
			defaultConfigurationIsVisible = 0;
			defaultConfigurationName = Release;
		};
/* End XCConfigurationList section */

/* Begin XCRemoteSwiftPackageReference section */
		B3787A612DE386F2007AF432 /* XCRemoteSwiftPackageReference "SQLite" */ = {
			isa = XCRemoteSwiftPackageReference;
			repositoryURL = "https://github.com/stephencelis/SQLite.swift";
			requirement = {
				kind = upToNextMajorVersion;
				minimumVersion = 0.15.3;
			};
		};
/* End XCRemoteSwiftPackageReference section */

/* Begin XCSwiftPackageProductDependency section */
		B389CE362DE39B780033B818 /* SQLite */ = {
			isa = XCSwiftPackageProductDependency;
			package = B3787A612DE386F2007AF432 /* XCRemoteSwiftPackageReference "SQLite" */;
			productName = SQLite;
		};
/* End XCSwiftPackageProductDependency section */
	};
	rootObject = B35E99FA2DE341FB002E0849 /* Project object */;
}
